// !$*UTF8*$!
{
	archiveVersion = 1;
	classes = {
	};
	objectVersion = 52;
	objects = {

/* Begin PBXBuildFile section */
		FC98BBD02453DD1700A992EE /* AppDelegate.swift in Sources */ = {isa = PBXBuildFile; fileRef = FC98BBCF2453DD1700A992EE /* AppDelegate.swift */; };
		FC98BBD22453DD1700A992EE /* SceneDelegate.swift in Sources */ = {isa = PBXBuildFile; fileRef = FC98BBD12453DD1700A992EE /* SceneDelegate.swift */; };
		FC98BBD52453DD1700A992EE /* GetCloser4iOS.xcdatamodeld in Sources */ = {isa = PBXBuildFile; fileRef = FC98BBD32453DD1700A992EE /* GetCloser4iOS.xcdatamodeld */; };
		FC98BBD72453DD1700A992EE /* ContentView.swift in Sources */ = {isa = PBXBuildFile; fileRef = FC98BBD62453DD1700A992EE /* ContentView.swift */; };
		FC98BBD92453DD1900A992EE /* Assets.xcassets in Resources */ = {isa = PBXBuildFile; fileRef = FC98BBD82453DD1900A992EE /* Assets.xcassets */; };
		FC98BBDC2453DD1900A992EE /* Preview Assets.xcassets in Resources */ = {isa = PBXBuildFile; fileRef = FC98BBDB2453DD1900A992EE /* Preview Assets.xcassets */; };
		FC98BBDF2453DD1900A992EE /* LaunchScreen.storyboard in Resources */ = {isa = PBXBuildFile; fileRef = FC98BBDD2453DD1900A992EE /* LaunchScreen.storyboard */; };
		FC98BBE92453DE3A00A992EE /* StompClientKit in Frameworks */ = {isa = PBXBuildFile; productRef = FC98BBE82453DE3A00A992EE /* StompClientKit */; };
		FC98BC082453E8D000A992EE /* apple-icon-60x60.png in Resources */ = {isa = PBXBuildFile; fileRef = FC98BC042453E8D000A992EE /* apple-icon-60x60.png */; };
		FC98BC092453E8D000A992EE /* apple-icon-180x180.png in Resources */ = {isa = PBXBuildFile; fileRef = FC98BC052453E8D000A992EE /* apple-icon-180x180.png */; };
		FC98BC0A2453E8D000A992EE /* apple-icon.png in Resources */ = {isa = PBXBuildFile; fileRef = FC98BC062453E8D000A992EE /* apple-icon.png */; };
		FC98BC0B2453E8D000A992EE /* apple-icon-120x120.png in Resources */ = {isa = PBXBuildFile; fileRef = FC98BC072453E8D000A992EE /* apple-icon-120x120.png */; };
		FC98BC162453F15700A992EE /* Alamofire in Frameworks */ = {isa = PBXBuildFile; productRef = FC98BC152453F15700A992EE /* Alamofire */; };
		FC98BC192453F1A000A992EE /* OAuthSwift in Frameworks */ = {isa = PBXBuildFile; productRef = FC98BC182453F1A000A992EE /* OAuthSwift */; };
		FC98BC1E2453FB2300A992EE /* icons8-profile-32.png in Resources */ = {isa = PBXBuildFile; fileRef = FC98BC1A2453FB2300A992EE /* icons8-profile-32.png */; };
		FC98BC1F2453FB2300A992EE /* icons8-near-me-32.png in Resources */ = {isa = PBXBuildFile; fileRef = FC98BC1B2453FB2300A992EE /* icons8-near-me-32.png */; };
		FC98BC202453FB2300A992EE /* icons8-share-32.png in Resources */ = {isa = PBXBuildFile; fileRef = FC98BC1C2453FB2300A992EE /* icons8-share-32.png */; };
		FC98BC212453FB2300A992EE /* icons8-siri-32.png in Resources */ = {isa = PBXBuildFile; fileRef = FC98BC1D2453FB2300A992EE /* icons8-siri-32.png */; };
		FC98BC242454517E00A992EE /* Place.swift in Sources */ = {isa = PBXBuildFile; fileRef = FC98BC232454517E00A992EE /* Place.swift */; };
		FC98BC2624558ADC00A992EE /* PlaceView.swift in Sources */ = {isa = PBXBuildFile; fileRef = FC98BC2524558ADB00A992EE /* PlaceView.swift */; };
		FCB0CAE824568B9C008064B0 /* Config.swift in Sources */ = {isa = PBXBuildFile; fileRef = FCB0CAE724568B9C008064B0 /* Config.swift */; };
/* End PBXBuildFile section */

/* Begin PBXFileReference section */
		FC98BBCC2453DD1700A992EE /* Get Closer.app */ = {isa = PBXFileReference; explicitFileType = wrapper.application; includeInIndex = 0; path = "Get Closer.app"; sourceTree = BUILT_PRODUCTS_DIR; };
		FC98BBCF2453DD1700A992EE /* AppDelegate.swift */ = {isa = PBXFileReference; lastKnownFileType = sourcecode.swift; path = AppDelegate.swift; sourceTree = "<group>"; };
		FC98BBD12453DD1700A992EE /* SceneDelegate.swift */ = {isa = PBXFileReference; lastKnownFileType = sourcecode.swift; path = SceneDelegate.swift; sourceTree = "<group>"; };
		FC98BBD42453DD1700A992EE /* GetCloser4iOS.xcdatamodel */ = {isa = PBXFileReference; lastKnownFileType = wrapper.xcdatamodel; path = GetCloser4iOS.xcdatamodel; sourceTree = "<group>"; };
		FC98BBD62453DD1700A992EE /* ContentView.swift */ = {isa = PBXFileReference; lastKnownFileType = sourcecode.swift; path = ContentView.swift; sourceTree = "<group>"; };
		FC98BBD82453DD1900A992EE /* Assets.xcassets */ = {isa = PBXFileReference; lastKnownFileType = folder.assetcatalog; path = Assets.xcassets; sourceTree = "<group>"; };
		FC98BBDB2453DD1900A992EE /* Preview Assets.xcassets */ = {isa = PBXFileReference; lastKnownFileType = folder.assetcatalog; path = "Preview Assets.xcassets"; sourceTree = "<group>"; };
		FC98BBDE2453DD1900A992EE /* Base */ = {isa = PBXFileReference; lastKnownFileType = file.storyboard; name = Base; path = Base.lproj/LaunchScreen.storyboard; sourceTree = "<group>"; };
		FC98BBE02453DD1900A992EE /* Info.plist */ = {isa = PBXFileReference; lastKnownFileType = text.plist.xml; path = Info.plist; sourceTree = "<group>"; };
		FC98BBE62453DDB400A992EE /* StompClientKit */ = {isa = PBXFileReference; lastKnownFileType = folder; name = StompClientKit; path = ../StompClientKit; sourceTree = "<group>"; };
		FC98BC042453E8D000A992EE /* apple-icon-60x60.png */ = {isa = PBXFileReference; lastKnownFileType = image.png; path = "apple-icon-60x60.png"; sourceTree = "<group>"; };
		FC98BC052453E8D000A992EE /* apple-icon-180x180.png */ = {isa = PBXFileReference; lastKnownFileType = image.png; path = "apple-icon-180x180.png"; sourceTree = "<group>"; };
		FC98BC062453E8D000A992EE /* apple-icon.png */ = {isa = PBXFileReference; lastKnownFileType = image.png; path = "apple-icon.png"; sourceTree = "<group>"; };
		FC98BC072453E8D000A992EE /* apple-icon-120x120.png */ = {isa = PBXFileReference; lastKnownFileType = image.png; path = "apple-icon-120x120.png"; sourceTree = "<group>"; };
		FC98BC1A2453FB2300A992EE /* icons8-profile-32.png */ = {isa = PBXFileReference; lastKnownFileType = image.png; path = "icons8-profile-32.png"; sourceTree = "<group>"; };
		FC98BC1B2453FB2300A992EE /* icons8-near-me-32.png */ = {isa = PBXFileReference; lastKnownFileType = image.png; path = "icons8-near-me-32.png"; sourceTree = "<group>"; };
		FC98BC1C2453FB2300A992EE /* icons8-share-32.png */ = {isa = PBXFileReference; lastKnownFileType = image.png; path = "icons8-share-32.png"; sourceTree = "<group>"; };
		FC98BC1D2453FB2300A992EE /* icons8-siri-32.png */ = {isa = PBXFileReference; lastKnownFileType = image.png; path = "icons8-siri-32.png"; sourceTree = "<group>"; };
		FC98BC232454517E00A992EE /* Place.swift */ = {isa = PBXFileReference; lastKnownFileType = sourcecode.swift; path = Place.swift; sourceTree = "<group>"; };
		FC98BC2524558ADB00A992EE /* PlaceView.swift */ = {isa = PBXFileReference; lastKnownFileType = sourcecode.swift; path = PlaceView.swift; sourceTree = "<group>"; };
		FCB0CAE724568B9C008064B0 /* Config.swift */ = {isa = PBXFileReference; lastKnownFileType = sourcecode.swift; path = Config.swift; sourceTree = "<group>"; };
/* End PBXFileReference section */

/* Begin PBXFrameworksBuildPhase section */
		FC98BBC92453DD1700A992EE /* Frameworks */ = {
			isa = PBXFrameworksBuildPhase;
			buildActionMask = 2147483647;
			files = (
				FC98BBE92453DE3A00A992EE /* StompClientKit in Frameworks */,
				FC98BC162453F15700A992EE /* Alamofire in Frameworks */,
				FC98BC192453F1A000A992EE /* OAuthSwift in Frameworks */,
			);
			runOnlyForDeploymentPostprocessing = 0;
		};
/* End PBXFrameworksBuildPhase section */

/* Begin PBXGroup section */
		FC98BBC32453DD1700A992EE = {
			isa = PBXGroup;
			children = (
				FC98BBE62453DDB400A992EE /* StompClientKit */,
				FC98BBCE2453DD1700A992EE /* GetCloser4iOS */,
				FC98BBCD2453DD1700A992EE /* Products */,
				FC98BBE72453DE3A00A992EE /* Frameworks */,
			);
			sourceTree = "<group>";
		};
		FC98BBCD2453DD1700A992EE /* Products */ = {
			isa = PBXGroup;
			children = (
				FC98BBCC2453DD1700A992EE /* Get Closer.app */,
			);
			name = Products;
			sourceTree = "<group>";
		};
		FC98BBCE2453DD1700A992EE /* GetCloser4iOS */ = {
			isa = PBXGroup;
			children = (
				FC98BC222453FCD300A992EE /* place */,
				FC98BC012453E85D00A992EE /* icons */,
				FC98BBCF2453DD1700A992EE /* AppDelegate.swift */,
				FC98BBD12453DD1700A992EE /* SceneDelegate.swift */,
				FC98BBD62453DD1700A992EE /* ContentView.swift */,
				FC98BBD82453DD1900A992EE /* Assets.xcassets */,
				FC98BBDD2453DD1900A992EE /* LaunchScreen.storyboard */,
				FC98BBE02453DD1900A992EE /* Info.plist */,
				FC98BBD32453DD1700A992EE /* GetCloser4iOS.xcdatamodeld */,
				FC98BBDA2453DD1900A992EE /* Preview Content */,
				FCB0CAE724568B9C008064B0 /* Config.swift */,
			);
			path = GetCloser4iOS;
			sourceTree = "<group>";
		};
		FC98BBDA2453DD1900A992EE /* Preview Content */ = {
			isa = PBXGroup;
			children = (
				FC98BBDB2453DD1900A992EE /* Preview Assets.xcassets */,
			);
			path = "Preview Content";
			sourceTree = "<group>";
		};
		FC98BBE72453DE3A00A992EE /* Frameworks */ = {
			isa = PBXGroup;
			children = (
			);
			name = Frameworks;
			sourceTree = "<group>";
		};
		FC98BC012453E85D00A992EE /* icons */ = {
			isa = PBXGroup;
			children = (
				FC98BC032453E88400A992EE /* button */,
				FC98BC022453E87000A992EE /* appicon */,
			);
			path = icons;
			sourceTree = "<group>";
		};
		FC98BC022453E87000A992EE /* appicon */ = {
			isa = PBXGroup;
			children = (
				FC98BC042453E8D000A992EE /* apple-icon-60x60.png */,
				FC98BC072453E8D000A992EE /* apple-icon-120x120.png */,
				FC98BC052453E8D000A992EE /* apple-icon-180x180.png */,
				FC98BC062453E8D000A992EE /* apple-icon.png */,
			);
			path = appicon;
			sourceTree = "<group>";
		};
		FC98BC032453E88400A992EE /* button */ = {
			isa = PBXGroup;
			children = (
				FC98BC1B2453FB2300A992EE /* icons8-near-me-32.png */,
				FC98BC1A2453FB2300A992EE /* icons8-profile-32.png */,
				FC98BC1C2453FB2300A992EE /* icons8-share-32.png */,
				FC98BC1D2453FB2300A992EE /* icons8-siri-32.png */,
			);
			path = button;
			sourceTree = "<group>";
		};
		FC98BC222453FCD300A992EE /* place */ = {
			isa = PBXGroup;
			children = (
				FC98BC232454517E00A992EE /* Place.swift */,
				FC98BC2524558ADB00A992EE /* PlaceView.swift */,
			);
			path = place;
			sourceTree = "<group>";
		};
/* End PBXGroup section */

/* Begin PBXNativeTarget section */
		FC98BBCB2453DD1700A992EE /* GetCloser4iOS */ = {
			isa = PBXNativeTarget;
			buildConfigurationList = FC98BBE32453DD1900A992EE /* Build configuration list for PBXNativeTarget "GetCloser4iOS" */;
			buildPhases = (
				FC98BBC82453DD1700A992EE /* Sources */,
				FC98BBC92453DD1700A992EE /* Frameworks */,
				FC98BBCA2453DD1700A992EE /* Resources */,
			);
			buildRules = (
			);
			dependencies = (
			);
			name = GetCloser4iOS;
			packageProductDependencies = (
				FC98BBE82453DE3A00A992EE /* StompClientKit */,
				FC98BC152453F15700A992EE /* Alamofire */,
				FC98BC182453F1A000A992EE /* OAuthSwift */,
			);
			productName = GetCloser4iOS;
			productReference = FC98BBCC2453DD1700A992EE /* Get Closer.app */;
			productType = "com.apple.product-type.application";
		};
/* End PBXNativeTarget section */

/* Begin PBXProject section */
		FC98BBC42453DD1700A992EE /* Project object */ = {
			isa = PBXProject;
			attributes = {
				LastSwiftUpdateCheck = 1140;
				LastUpgradeCheck = 1140;
				ORGANIZATIONNAME = gridscale;
				TargetAttributes = {
					FC98BBCB2453DD1700A992EE = {
						CreatedOnToolsVersion = 11.4.1;
					};
				};
			};
			buildConfigurationList = FC98BBC72453DD1700A992EE /* Build configuration list for PBXProject "GetCloser4iOS" */;
			compatibilityVersion = "Xcode 9.3";
			developmentRegion = en;
			hasScannedForEncodings = 0;
			knownRegions = (
				en,
				Base,
			);
			mainGroup = FC98BBC32453DD1700A992EE;
			packageReferences = (
				FC98BC142453F15700A992EE /* XCRemoteSwiftPackageReference "Alamofire" */,
				FC98BC172453F1A000A992EE /* XCRemoteSwiftPackageReference "OAuthSwift" */,
			);
			productRefGroup = FC98BBCD2453DD1700A992EE /* Products */;
			projectDirPath = "";
			projectRoot = "";
			targets = (
				FC98BBCB2453DD1700A992EE /* GetCloser4iOS */,
			);
		};
/* End PBXProject section */

/* Begin PBXResourcesBuildPhase section */
		FC98BBCA2453DD1700A992EE /* Resources */ = {
			isa = PBXResourcesBuildPhase;
			buildActionMask = 2147483647;
			files = (
				FC98BC0B2453E8D000A992EE /* apple-icon-120x120.png in Resources */,
				FC98BC082453E8D000A992EE /* apple-icon-60x60.png in Resources */,
				FC98BC212453FB2300A992EE /* icons8-siri-32.png in Resources */,
				FC98BBDF2453DD1900A992EE /* LaunchScreen.storyboard in Resources */,
				FC98BC1F2453FB2300A992EE /* icons8-near-me-32.png in Resources */,
				FC98BC092453E8D000A992EE /* apple-icon-180x180.png in Resources */,
				FC98BC1E2453FB2300A992EE /* icons8-profile-32.png in Resources */,
				FC98BBDC2453DD1900A992EE /* Preview Assets.xcassets in Resources */,
				FC98BBD92453DD1900A992EE /* Assets.xcassets in Resources */,
				FC98BC202453FB2300A992EE /* icons8-share-32.png in Resources */,
				FC98BC0A2453E8D000A992EE /* apple-icon.png in Resources */,
			);
			runOnlyForDeploymentPostprocessing = 0;
		};
/* End PBXResourcesBuildPhase section */

/* Begin PBXSourcesBuildPhase section */
		FC98BBC82453DD1700A992EE /* Sources */ = {
			isa = PBXSourcesBuildPhase;
			buildActionMask = 2147483647;
			files = (
				FC98BC2624558ADC00A992EE /* PlaceView.swift in Sources */,
				FC98BBD02453DD1700A992EE /* AppDelegate.swift in Sources */,
				FC98BBD22453DD1700A992EE /* SceneDelegate.swift in Sources */,
				FCB0CAE824568B9C008064B0 /* Config.swift in Sources */,
				FC98BBD72453DD1700A992EE /* ContentView.swift in Sources */,
				FC98BBD52453DD1700A992EE /* GetCloser4iOS.xcdatamodeld in Sources */,
				FC98BC242454517E00A992EE /* Place.swift in Sources */,
			);
			runOnlyForDeploymentPostprocessing = 0;
		};
/* End PBXSourcesBuildPhase section */

/* Begin PBXVariantGroup section */
		FC98BBDD2453DD1900A992EE /* LaunchScreen.storyboard */ = {
			isa = PBXVariantGroup;
			children = (
				FC98BBDE2453DD1900A992EE /* Base */,
			);
			name = LaunchScreen.storyboard;
			sourceTree = "<group>";
		};
/* End PBXVariantGroup section */

/* Begin XCBuildConfiguration section */
		FC98BBE12453DD1900A992EE /* Debug */ = {
			isa = XCBuildConfiguration;
			buildSettings = {
				ALWAYS_SEARCH_USER_PATHS = NO;
				CLANG_ANALYZER_NONNULL = YES;
				CLANG_ANALYZER_NUMBER_OBJECT_CONVERSION = YES_AGGRESSIVE;
				CLANG_CXX_LANGUAGE_STANDARD = "gnu++14";
				CLANG_CXX_LIBRARY = "libc++";
				CLANG_ENABLE_MODULES = YES;
				CLANG_ENABLE_OBJC_ARC = YES;
				CLANG_ENABLE_OBJC_WEAK = YES;
				CLANG_WARN_BLOCK_CAPTURE_AUTORELEASING = YES;
				CLANG_WARN_BOOL_CONVERSION = YES;
				CLANG_WARN_COMMA = YES;
				CLANG_WARN_CONSTANT_CONVERSION = YES;
				CLANG_WARN_DEPRECATED_OBJC_IMPLEMENTATIONS = YES;
				CLANG_WARN_DIRECT_OBJC_ISA_USAGE = YES_ERROR;
				CLANG_WARN_DOCUMENTATION_COMMENTS = YES;
				CLANG_WARN_EMPTY_BODY = YES;
				CLANG_WARN_ENUM_CONVERSION = YES;
				CLANG_WARN_INFINITE_RECURSION = YES;
				CLANG_WARN_INT_CONVERSION = YES;
				CLANG_WARN_NON_LITERAL_NULL_CONVERSION = YES;
				CLANG_WARN_OBJC_IMPLICIT_RETAIN_SELF = YES;
				CLANG_WARN_OBJC_LITERAL_CONVERSION = YES;
				CLANG_WARN_OBJC_ROOT_CLASS = YES_ERROR;
				CLANG_WARN_RANGE_LOOP_ANALYSIS = YES;
				CLANG_WARN_STRICT_PROTOTYPES = YES;
				CLANG_WARN_SUSPICIOUS_MOVE = YES;
				CLANG_WARN_UNGUARDED_AVAILABILITY = YES_AGGRESSIVE;
				CLANG_WARN_UNREACHABLE_CODE = YES;
				CLANG_WARN__DUPLICATE_METHOD_MATCH = YES;
				COPY_PHASE_STRIP = NO;
				DEBUG_INFORMATION_FORMAT = dwarf;
				ENABLE_STRICT_OBJC_MSGSEND = YES;
				ENABLE_TESTABILITY = YES;
				GCC_C_LANGUAGE_STANDARD = gnu11;
				GCC_DYNAMIC_NO_PIC = NO;
				GCC_NO_COMMON_BLOCKS = YES;
				GCC_OPTIMIZATION_LEVEL = 0;
				GCC_PREPROCESSOR_DEFINITIONS = (
					"DEBUG=1",
					"$(inherited)",
				);
				GCC_WARN_64_TO_32_BIT_CONVERSION = YES;
				GCC_WARN_ABOUT_RETURN_TYPE = YES_ERROR;
				GCC_WARN_UNDECLARED_SELECTOR = YES;
				GCC_WARN_UNINITIALIZED_AUTOS = YES_AGGRESSIVE;
				GCC_WARN_UNUSED_FUNCTION = YES;
				GCC_WARN_UNUSED_VARIABLE = YES;
				IPHONEOS_DEPLOYMENT_TARGET = 13.0;
				MTL_ENABLE_DEBUG_INFO = INCLUDE_SOURCE;
				MTL_FAST_MATH = YES;
				ONLY_ACTIVE_ARCH = YES;
				SDKROOT = iphoneos;
				SWIFT_ACTIVE_COMPILATION_CONDITIONS = DEBUG;
				SWIFT_OPTIMIZATION_LEVEL = "-Onone";
			};
			name = Debug;
		};
		FC98BBE22453DD1900A992EE /* Release */ = {
			isa = XCBuildConfiguration;
			buildSettings = {
				ALWAYS_SEARCH_USER_PATHS = NO;
				CLANG_ANALYZER_NONNULL = YES;
				CLANG_ANALYZER_NUMBER_OBJECT_CONVERSION = YES_AGGRESSIVE;
				CLANG_CXX_LANGUAGE_STANDARD = "gnu++14";
				CLANG_CXX_LIBRARY = "libc++";
				CLANG_ENABLE_MODULES = YES;
				CLANG_ENABLE_OBJC_ARC = YES;
				CLANG_ENABLE_OBJC_WEAK = YES;
				CLANG_WARN_BLOCK_CAPTURE_AUTORELEASING = YES;
				CLANG_WARN_BOOL_CONVERSION = YES;
				CLANG_WARN_COMMA = YES;
				CLANG_WARN_CONSTANT_CONVERSION = YES;
				CLANG_WARN_DEPRECATED_OBJC_IMPLEMENTATIONS = YES;
				CLANG_WARN_DIRECT_OBJC_ISA_USAGE = YES_ERROR;
				CLANG_WARN_DOCUMENTATION_COMMENTS = YES;
				CLANG_WARN_EMPTY_BODY = YES;
				CLANG_WARN_ENUM_CONVERSION = YES;
				CLANG_WARN_INFINITE_RECURSION = YES;
				CLANG_WARN_INT_CONVERSION = YES;
				CLANG_WARN_NON_LITERAL_NULL_CONVERSION = YES;
				CLANG_WARN_OBJC_IMPLICIT_RETAIN_SELF = YES;
				CLANG_WARN_OBJC_LITERAL_CONVERSION = YES;
				CLANG_WARN_OBJC_ROOT_CLASS = YES_ERROR;
				CLANG_WARN_RANGE_LOOP_ANALYSIS = YES;
				CLANG_WARN_STRICT_PROTOTYPES = YES;
				CLANG_WARN_SUSPICIOUS_MOVE = YES;
				CLANG_WARN_UNGUARDED_AVAILABILITY = YES_AGGRESSIVE;
				CLANG_WARN_UNREACHABLE_CODE = YES;
				CLANG_WARN__DUPLICATE_METHOD_MATCH = YES;
				COPY_PHASE_STRIP = NO;
				DEBUG_INFORMATION_FORMAT = "dwarf-with-dsym";
				ENABLE_NS_ASSERTIONS = NO;
				ENABLE_STRICT_OBJC_MSGSEND = YES;
				GCC_C_LANGUAGE_STANDARD = gnu11;
				GCC_NO_COMMON_BLOCKS = YES;
				GCC_WARN_64_TO_32_BIT_CONVERSION = YES;
				GCC_WARN_ABOUT_RETURN_TYPE = YES_ERROR;
				GCC_WARN_UNDECLARED_SELECTOR = YES;
				GCC_WARN_UNINITIALIZED_AUTOS = YES_AGGRESSIVE;
				GCC_WARN_UNUSED_FUNCTION = YES;
				GCC_WARN_UNUSED_VARIABLE = YES;
				IPHONEOS_DEPLOYMENT_TARGET = 13.0;
				MTL_ENABLE_DEBUG_INFO = NO;
				MTL_FAST_MATH = YES;
				SDKROOT = iphoneos;
				SWIFT_COMPILATION_MODE = wholemodule;
				SWIFT_OPTIMIZATION_LEVEL = "-O";
				VALIDATE_PRODUCT = YES;
			};
			name = Release;
		};
		FC98BBE42453DD1900A992EE /* Debug */ = {
			isa = XCBuildConfiguration;
			buildSettings = {
				ASSETCATALOG_COMPILER_APPICON_NAME = AppIcon;
				CODE_SIGN_STYLE = Automatic;
				DEVELOPMENT_ASSET_PATHS = "\"GetCloser4iOS/Preview Content\"";
				DEVELOPMENT_TEAM = 58C95FHL5U;
				ENABLE_PREVIEWS = YES;
				INFOPLIST_FILE = GetCloser4iOS/Info.plist;
				IPHONEOS_DEPLOYMENT_TARGET = 13.0;
				LD_RUNPATH_SEARCH_PATHS = (
					"$(inherited)",
					"@executable_path/Frameworks",
				);
				PRODUCT_BUNDLE_IDENTIFIER = com.gridscale.GetCloser;
				PRODUCT_NAME = "Get Closer";
				SWIFT_VERSION = 5.0;
				TARGETED_DEVICE_FAMILY = "1,2";
			};
			name = Debug;
		};
		FC98BBE52453DD1900A992EE /* Release */ = {
			isa = XCBuildConfiguration;
			buildSettings = {
				ASSETCATALOG_COMPILER_APPICON_NAME = AppIcon;
				CODE_SIGN_STYLE = Automatic;
				DEVELOPMENT_ASSET_PATHS = "\"GetCloser4iOS/Preview Content\"";
				DEVELOPMENT_TEAM = 58C95FHL5U;
				ENABLE_PREVIEWS = YES;
				INFOPLIST_FILE = GetCloser4iOS/Info.plist;
				IPHONEOS_DEPLOYMENT_TARGET = 13.0;
				LD_RUNPATH_SEARCH_PATHS = (
					"$(inherited)",
					"@executable_path/Frameworks",
				);
				PRODUCT_BUNDLE_IDENTIFIER = com.gridscale.GetCloser;
				PRODUCT_NAME = "Get Closer";
				SWIFT_VERSION = 5.0;
				TARGETED_DEVICE_FAMILY = "1,2";
			};
			name = Release;
		};
/* End XCBuildConfiguration section */

/* Begin XCConfigurationList section */
		FC98BBC72453DD1700A992EE /* Build configuration list for PBXProject "GetCloser4iOS" */ = {
			isa = XCConfigurationList;
			buildConfigurations = (
				FC98BBE12453DD1900A992EE /* Debug */,
				FC98BBE22453DD1900A992EE /* Release */,
			);
			defaultConfigurationIsVisible = 0;
			defaultConfigurationName = Release;
		};
		FC98BBE32453DD1900A992EE /* Build configuration list for PBXNativeTarget "GetCloser4iOS" */ = {
			isa = XCConfigurationList;
			buildConfigurations = (
				FC98BBE42453DD1900A992EE /* Debug */,
				FC98BBE52453DD1900A992EE /* Release */,
			);
			defaultConfigurationIsVisible = 0;
			defaultConfigurationName = Release;
		};
/* End XCConfigurationList section */

/* Begin XCRemoteSwiftPackageReference section */
		FC98BC142453F15700A992EE /* XCRemoteSwiftPackageReference "Alamofire" */ = {
			isa = XCRemoteSwiftPackageReference;
			repositoryURL = "https://github.com/Alamofire/Alamofire.git";
			requirement = {
				kind = upToNextMajorVersion;
				minimumVersion = 5.1.0;
			};
		};
		FC98BC172453F1A000A992EE /* XCRemoteSwiftPackageReference "OAuthSwift" */ = {
			isa = XCRemoteSwiftPackageReference;
			repositoryURL = "https://github.com/OAuthSwift/OAuthSwift.git";
			requirement = {
				kind = upToNextMajorVersion;
				minimumVersion = 2.1.0;
			};
		};
/* End XCRemoteSwiftPackageReference section */

/* Begin XCSwiftPackageProductDependency section */
		FC98BBE82453DE3A00A992EE /* StompClientKit */ = {
			isa = XCSwiftPackageProductDependency;
			productName = StompClientKit;
		};
		FC98BC152453F15700A992EE /* Alamofire */ = {
			isa = XCSwiftPackageProductDependency;
			package = FC98BC142453F15700A992EE /* XCRemoteSwiftPackageReference "Alamofire" */;
			productName = Alamofire;
		};
		FC98BC182453F1A000A992EE /* OAuthSwift */ = {
			isa = XCSwiftPackageProductDependency;
			package = FC98BC172453F1A000A992EE /* XCRemoteSwiftPackageReference "OAuthSwift" */;
			productName = OAuthSwift;
		};
/* End XCSwiftPackageProductDependency section */

/* Begin XCVersionGroup section */
		FC98BBD32453DD1700A992EE /* GetCloser4iOS.xcdatamodeld */ = {
			isa = XCVersionGroup;
			children = (
				FC98BBD42453DD1700A992EE /* GetCloser4iOS.xcdatamodel */,
			);
			currentVersion = FC98BBD42453DD1700A992EE /* GetCloser4iOS.xcdatamodel */;
			path = GetCloser4iOS.xcdatamodeld;
			sourceTree = "<group>";
			versionGroupType = wrapper.xcdatamodel;
		};
/* End XCVersionGroup section */
	};
	rootObject = FC98BBC42453DD1700A992EE /* Project object */;
}
